
Microsoft Visual Studio Solution File, Format Version 12.00
# Visual Studio Version 17
VisualStudioVersion = 17.9.34728.123
MinimumVisualStudioVersion = 10.0.40219.1
Project("{9A19103F-16F7-4668-BE54-9A1E7A4F7556}") = "SelfCheckoutMachine.WebApi", "SelfCheckoutMachine.WebApi\SelfCheckoutMachine.WebApi.csproj", "{770041B3-6388-49DF-A569-2A1F674F5B69}"
EndProject
Project("{E53339B2-1760-4266-BCC7-CA923CBCF16C}") = "docker-compose", "docker-compose.dcproj", "{1568BF77-DED2-481D-AE53-3BC2B91307F6}"
EndProject
Project("{9A19103F-16F7-4668-BE54-9A1E7A4F7556}") = "SelfCheckoutMachine.Core", "SelfCheckoutMachine.Core\SelfCheckoutMachine.Core.csproj", "{E69E28F9-6098-45E9-B4FA-F1BD5657DCF8}"
EndProject
Project("{9A19103F-16F7-4668-BE54-9A1E7A4F7556}") = "SelfCheckoutMachine.Infrastructure", "SelfCheckoutMachine.Infrastructure\SelfCheckoutMachine.Infrastructure.csproj", "{1C5A4981-6E6C-4FB9-8523-14DE85D902F0}"
EndProject
Project("{FAE04EC0-301F-11D3-BF4B-00C04F79EFBC}") = "SelfCheckoutMachine.Domain", "SelfCheckoutMachine.Domain\SelfCheckoutMachine.Domain.csproj", "{8C508CDE-C34F-4036-A17C-06CAD5A7B573}"
EndProject
Global
	GlobalSection(SolutionConfigurationPlatforms) = preSolution
		Debug|Any CPU = Debug|Any CPU
		Release|Any CPU = Release|Any CPU
	EndGlobalSection
	GlobalSection(ProjectConfigurationPlatforms) = postSolution
		{770041B3-6388-49DF-A569-2A1F674F5B69}.Debug|Any CPU.ActiveCfg = Debug|Any CPU
		{770041B3-6388-49DF-A569-2A1F674F5B69}.Debug|Any CPU.Build.0 = Debug|Any CPU
		{770041B3-6388-49DF-A569-2A1F674F5B69}.Release|Any CPU.ActiveCfg = Release|Any CPU
		{770041B3-6388-49DF-A569-2A1F674F5B69}.Release|Any CPU.Build.0 = Release|Any CPU
		{1568BF77-DED2-481D-AE53-3BC2B91307F6}.Debug|Any CPU.ActiveCfg = Debug|Any CPU
		{1568BF77-DED2-481D-AE53-3BC2B91307F6}.Debug|Any CPU.Build.0 = Debug|Any CPU
		{1568BF77-DED2-481D-AE53-3BC2B91307F6}.Release|Any CPU.ActiveCfg = Release|Any CPU
		{1568BF77-DED2-481D-AE53-3BC2B91307F6}.Release|Any CPU.Build.0 = Release|Any CPU
		{E69E28F9-6098-45E9-B4FA-F1BD5657DCF8}.Debug|Any CPU.ActiveCfg = Debug|Any CPU
		{E69E28F9-6098-45E9-B4FA-F1BD5657DCF8}.Debug|Any CPU.Build.0 = Debug|Any CPU
		{E69E28F9-6098-45E9-B4FA-F1BD5657DCF8}.Release|Any CPU.ActiveCfg = Release|Any CPU
		{E69E28F9-6098-45E9-B4FA-F1BD5657DCF8}.Release|Any CPU.Build.0 = Release|Any CPU
		{1C5A4981-6E6C-4FB9-8523-14DE85D902F0}.Debug|Any CPU.ActiveCfg = Debug|Any CPU
		{1C5A4981-6E6C-4FB9-8523-14DE85D902F0}.Debug|Any CPU.Build.0 = Debug|Any CPU
		{1C5A4981-6E6C-4FB9-8523-14DE85D902F0}.Release|Any CPU.ActiveCfg = Release|Any CPU
		{1C5A4981-6E6C-4FB9-8523-14DE85D902F0}.Release|Any CPU.Build.0 = Release|Any CPU
		{8C508CDE-C34F-4036-A17C-06CAD5A7B573}.Debug|Any CPU.ActiveCfg = Debug|Any CPU
		{8C508CDE-C34F-4036-A17C-06CAD5A7B573}.Debug|Any CPU.Build.0 = Debug|Any CPU
		{8C508CDE-C34F-4036-A17C-06CAD5A7B573}.Release|Any CPU.ActiveCfg = Release|Any CPU
		{8C508CDE-C34F-4036-A17C-06CAD5A7B573}.Release|Any CPU.Build.0 = Release|Any CPU
	EndGlobalSection
	GlobalSection(SolutionProperties) = preSolution
		HideSolutionNode = FALSE
	EndGlobalSection
	GlobalSection(ExtensibilityGlobals) = postSolution
		SolutionGuid = {53323AE1-AFAD-4DF4-A5A1-C2E5B248CE84}
	EndGlobalSection
EndGlobal
